
Microsoft Visual Studio Solution File, Format Version 12.00
# Visual Studio Version 17
VisualStudioVersion = 17.0.32126.317
MinimumVisualStudioVersion = 10.0.40219.1
Project("{9A19103F-16F7-4668-BE54-9A1E7A4F7556}") = "Delegate", "Delegate\Delegate.csproj", "{2852E404-71F4-462B-B560-91F7AA9AB5B2}"
EndProject
Project("{9A19103F-16F7-4668-BE54-9A1E7A4F7556}") = "PatternIterator", "PatternIterator\PatternIterator.csproj", "{2902676F-8B4B-47CC-90B1-04EDF235FC57}"
EndProject
Project("{9A19103F-16F7-4668-BE54-9A1E7A4F7556}") = "IEnumerator", "IEnumerator\IEnumerator.csproj", "{CDAEEEBD-A523-4863-8B76-A7E09193F3E9}"
EndProject
Project("{9A19103F-16F7-4668-BE54-9A1E7A4F7556}") = "Yield", "Yield\Yield.csproj", "{9D23DE13-2DC1-40FC-A1CC-BD85FBAF1461}"
EndProject
Project("{9A19103F-16F7-4668-BE54-9A1E7A4F7556}") = "IteratorCollection", "IteratorCollection\IteratorCollection.csproj", "{D15BFF97-EE40-4D7B-A509-A9908B339729}"
EndProject
Project("{9A19103F-16F7-4668-BE54-9A1E7A4F7556}") = "TypeCode", "TypeCode\TypeCode.csproj", "{7F7046AA-7942-4147-97A4-6241CCB6A182}"
EndProject
Project("{9A19103F-16F7-4668-BE54-9A1E7A4F7556}") = "StyleProvider", "StyleProvider\StyleProvider.csproj", "{E9515D19-6934-4D28-B528-0E055EF08D18}"
EndProject
Project("{9A19103F-16F7-4668-BE54-9A1E7A4F7556}") = "TemperatureIFormattable", "TemperatureIFormattable\TemperatureIFormattable.csproj", "{947EA2BD-24A3-4783-A2F4-6E093C1C26E9}"
EndProject
Project("{9A19103F-16F7-4668-BE54-9A1E7A4F7556}") = "Generic", "Generic\Generic.csproj", "{8C383235-184B-4ABB-8275-8B22A90F1845}"
EndProject
Project("{9A19103F-16F7-4668-BE54-9A1E7A4F7556}") = "SwapVariables", "SwapVariables\SwapVariables.csproj", "{8029B414-FBBB-4814-A61C-E640BB6D890F}"
EndProject
Project("{9A19103F-16F7-4668-BE54-9A1E7A4F7556}") = "ExampleICollection", "ExampleICollection\ExampleICollection.csproj", "{EE862BF5-4D77-4506-95EB-3BEAE2DACE79}"
EndProject
Project("{9A19103F-16F7-4668-BE54-9A1E7A4F7556}") = "ExampleIList", "ExampleIList\ExampleIList.csproj", "{61AF1AEE-255E-4528-992E-76947698546C}"
EndProject
Project("{9A19103F-16F7-4668-BE54-9A1E7A4F7556}") = "ExampleIDictionary", "ExampleIDictionary\ExampleIDictionary.csproj", "{3AD95A75-F3E1-4B9E-B706-7B5C2657025F}"
EndProject
Project("{9A19103F-16F7-4668-BE54-9A1E7A4F7556}") = "ExampleLinkedList", "ExampleLinkedList\ExampleLinkedList.csproj", "{62FC9D7C-A7F4-4603-8CD8-6AF3862AE648}"
EndProject
Project("{9A19103F-16F7-4668-BE54-9A1E7A4F7556}") = "ExampleList", "ExampleList\ExampleList.csproj", "{B71805B7-FF19-4651-88BD-F2649E3A914E}"
EndProject
Project("{9A19103F-16F7-4668-BE54-9A1E7A4F7556}") = "ExampleSortedSet", "ExampleSortedSet\ExampleSortedSet.csproj", "{A53FBA58-DF44-4E96-B5EB-74A4703B47AF}"
EndProject
Project("{9A19103F-16F7-4668-BE54-9A1E7A4F7556}") = "ExampleHashSet", "ExampleHashSet\ExampleHashSet.csproj", "{666D8DAF-8316-45E1-975C-9BFCBBF343A9}"
EndProject
Project("{9A19103F-16F7-4668-BE54-9A1E7A4F7556}") = "ExampleDictionary", "ExampleDictionary\ExampleDictionary.csproj", "{275D7997-EF27-44E1-A871-7C765136FFC5}"
EndProject
Project("{9A19103F-16F7-4668-BE54-9A1E7A4F7556}") = "ExampleSortedList", "ExampleSortedList\ExampleSortedList.csproj", "{7F732CE4-B39E-4FD6-B085-8E1089E4872F}"
EndProject
Project("{FAE04EC0-301F-11D3-BF4B-00C04F79EFBC}") = "CovarianceContravariance", "CovarianceContravariance\CovarianceContravariance.csproj", "{24E2520A-368F-4358-8315-4940E7ADE9F7}"
EndProject
Project("{FAE04EC0-301F-11D3-BF4B-00C04F79EFBC}") = "DelegateGenericCovariance", "DelegateGenericCovariance\DelegateGenericCovariance.csproj", "{640A4D97-DE53-4A8D-9CEA-CF9DBD5AC5C2}"
EndProject
Project("{FAE04EC0-301F-11D3-BF4B-00C04F79EFBC}") = "DelegateGenericContravariance", "DelegateGenericContravariance\DelegateGenericContravariance.csproj", "{EBF72F47-4B71-49E9-AC10-B71F6DEDEEF0}"
EndProject
Project("{FAE04EC0-301F-11D3-BF4B-00C04F79EFBC}") = "ExampleFunc", "ExampleFunc\ExampleFunc.csproj", "{BC35C54D-9653-4891-B570-7BE9E2197B4F}"
EndProject
Project("{FAE04EC0-301F-11D3-BF4B-00C04F79EFBC}") = "AnonymousMethod", "AnonymousMethod\AnonymousMethod.csproj", "{502F347D-F658-44F1-8D26-83748D691143}"
EndProject
Project("{FAE04EC0-301F-11D3-BF4B-00C04F79EFBC}") = "LambdaExpressions", "LambdaExpressions\LambdaExpressions.csproj", "{EEA5772F-FC33-4998-8484-34B66DAA3FCD}"
EndProject
Global
	GlobalSection(SolutionConfigurationPlatforms) = preSolution
		Debug|Any CPU = Debug|Any CPU
		Release|Any CPU = Release|Any CPU
	EndGlobalSection
	GlobalSection(ProjectConfigurationPlatforms) = postSolution
		{2852E404-71F4-462B-B560-91F7AA9AB5B2}.Debug|Any CPU.ActiveCfg = Debug|Any CPU
		{2852E404-71F4-462B-B560-91F7AA9AB5B2}.Debug|Any CPU.Build.0 = Debug|Any CPU
		{2852E404-71F4-462B-B560-91F7AA9AB5B2}.Release|Any CPU.ActiveCfg = Release|Any CPU
		{2852E404-71F4-462B-B560-91F7AA9AB5B2}.Release|Any CPU.Build.0 = Release|Any CPU
		{2902676F-8B4B-47CC-90B1-04EDF235FC57}.Debug|Any CPU.ActiveCfg = Debug|Any CPU
		{2902676F-8B4B-47CC-90B1-04EDF235FC57}.Debug|Any CPU.Build.0 = Debug|Any CPU
		{2902676F-8B4B-47CC-90B1-04EDF235FC57}.Release|Any CPU.ActiveCfg = Release|Any CPU
		{2902676F-8B4B-47CC-90B1-04EDF235FC57}.Release|Any CPU.Build.0 = Release|Any CPU
		{CDAEEEBD-A523-4863-8B76-A7E09193F3E9}.Debug|Any CPU.ActiveCfg = Debug|Any CPU
		{CDAEEEBD-A523-4863-8B76-A7E09193F3E9}.Debug|Any CPU.Build.0 = Debug|Any CPU
		{CDAEEEBD-A523-4863-8B76-A7E09193F3E9}.Release|Any CPU.ActiveCfg = Release|Any CPU
		{CDAEEEBD-A523-4863-8B76-A7E09193F3E9}.Release|Any CPU.Build.0 = Release|Any CPU
		{9D23DE13-2DC1-40FC-A1CC-BD85FBAF1461}.Debug|Any CPU.ActiveCfg = Debug|Any CPU
		{9D23DE13-2DC1-40FC-A1CC-BD85FBAF1461}.Debug|Any CPU.Build.0 = Debug|Any CPU
		{9D23DE13-2DC1-40FC-A1CC-BD85FBAF1461}.Release|Any CPU.ActiveCfg = Release|Any CPU
		{9D23DE13-2DC1-40FC-A1CC-BD85FBAF1461}.Release|Any CPU.Build.0 = Release|Any CPU
		{D15BFF97-EE40-4D7B-A509-A9908B339729}.Debug|Any CPU.ActiveCfg = Debug|Any CPU
		{D15BFF97-EE40-4D7B-A509-A9908B339729}.Debug|Any CPU.Build.0 = Debug|Any CPU
		{D15BFF97-EE40-4D7B-A509-A9908B339729}.Release|Any CPU.ActiveCfg = Release|Any CPU
		{D15BFF97-EE40-4D7B-A509-A9908B339729}.Release|Any CPU.Build.0 = Release|Any CPU
		{7F7046AA-7942-4147-97A4-6241CCB6A182}.Debug|Any CPU.ActiveCfg = Debug|Any CPU
		{7F7046AA-7942-4147-97A4-6241CCB6A182}.Debug|Any CPU.Build.0 = Debug|Any CPU
		{7F7046AA-7942-4147-97A4-6241CCB6A182}.Release|Any CPU.ActiveCfg = Release|Any CPU
		{7F7046AA-7942-4147-97A4-6241CCB6A182}.Release|Any CPU.Build.0 = Release|Any CPU
		{E9515D19-6934-4D28-B528-0E055EF08D18}.Debug|Any CPU.ActiveCfg = Debug|Any CPU
		{E9515D19-6934-4D28-B528-0E055EF08D18}.Debug|Any CPU.Build.0 = Debug|Any CPU
		{E9515D19-6934-4D28-B528-0E055EF08D18}.Release|Any CPU.ActiveCfg = Release|Any CPU
		{E9515D19-6934-4D28-B528-0E055EF08D18}.Release|Any CPU.Build.0 = Release|Any CPU
		{947EA2BD-24A3-4783-A2F4-6E093C1C26E9}.Debug|Any CPU.ActiveCfg = Debug|Any CPU
		{947EA2BD-24A3-4783-A2F4-6E093C1C26E9}.Debug|Any CPU.Build.0 = Debug|Any CPU
		{947EA2BD-24A3-4783-A2F4-6E093C1C26E9}.Release|Any CPU.ActiveCfg = Release|Any CPU
		{947EA2BD-24A3-4783-A2F4-6E093C1C26E9}.Release|Any CPU.Build.0 = Release|Any CPU
		{8C383235-184B-4ABB-8275-8B22A90F1845}.Debug|Any CPU.ActiveCfg = Debug|Any CPU
		{8C383235-184B-4ABB-8275-8B22A90F1845}.Debug|Any CPU.Build.0 = Debug|Any CPU
		{8C383235-184B-4ABB-8275-8B22A90F1845}.Release|Any CPU.ActiveCfg = Release|Any CPU
		{8C383235-184B-4ABB-8275-8B22A90F1845}.Release|Any CPU.Build.0 = Release|Any CPU
		{8029B414-FBBB-4814-A61C-E640BB6D890F}.Debug|Any CPU.ActiveCfg = Debug|Any CPU
		{8029B414-FBBB-4814-A61C-E640BB6D890F}.Debug|Any CPU.Build.0 = Debug|Any CPU
		{8029B414-FBBB-4814-A61C-E640BB6D890F}.Release|Any CPU.ActiveCfg = Release|Any CPU
		{8029B414-FBBB-4814-A61C-E640BB6D890F}.Release|Any CPU.Build.0 = Release|Any CPU
		{EE862BF5-4D77-4506-95EB-3BEAE2DACE79}.Debug|Any CPU.ActiveCfg = Debug|Any CPU
		{EE862BF5-4D77-4506-95EB-3BEAE2DACE79}.Debug|Any CPU.Build.0 = Debug|Any CPU
		{EE862BF5-4D77-4506-95EB-3BEAE2DACE79}.Release|Any CPU.ActiveCfg = Release|Any CPU
		{EE862BF5-4D77-4506-95EB-3BEAE2DACE79}.Release|Any CPU.Build.0 = Release|Any CPU
		{61AF1AEE-255E-4528-992E-76947698546C}.Debug|Any CPU.ActiveCfg = Debug|Any CPU
		{61AF1AEE-255E-4528-992E-76947698546C}.Debug|Any CPU.Build.0 = Debug|Any CPU
		{61AF1AEE-255E-4528-992E-76947698546C}.Release|Any CPU.ActiveCfg = Release|Any CPU
		{61AF1AEE-255E-4528-992E-76947698546C}.Release|Any CPU.Build.0 = Release|Any CPU
		{3AD95A75-F3E1-4B9E-B706-7B5C2657025F}.Debug|Any CPU.ActiveCfg = Debug|Any CPU
		{3AD95A75-F3E1-4B9E-B706-7B5C2657025F}.Debug|Any CPU.Build.0 = Debug|Any CPU
		{3AD95A75-F3E1-4B9E-B706-7B5C2657025F}.Release|Any CPU.ActiveCfg = Release|Any CPU
		{3AD95A75-F3E1-4B9E-B706-7B5C2657025F}.Release|Any CPU.Build.0 = Release|Any CPU
		{62FC9D7C-A7F4-4603-8CD8-6AF3862AE648}.Debug|Any CPU.ActiveCfg = Debug|Any CPU
		{62FC9D7C-A7F4-4603-8CD8-6AF3862AE648}.Debug|Any CPU.Build.0 = Debug|Any CPU
		{62FC9D7C-A7F4-4603-8CD8-6AF3862AE648}.Release|Any CPU.ActiveCfg = Release|Any CPU
		{62FC9D7C-A7F4-4603-8CD8-6AF3862AE648}.Release|Any CPU.Build.0 = Release|Any CPU
		{B71805B7-FF19-4651-88BD-F2649E3A914E}.Debug|Any CPU.ActiveCfg = Debug|Any CPU
		{B71805B7-FF19-4651-88BD-F2649E3A914E}.Debug|Any CPU.Build.0 = Debug|Any CPU
		{B71805B7-FF19-4651-88BD-F2649E3A914E}.Release|Any CPU.ActiveCfg = Release|Any CPU
		{B71805B7-FF19-4651-88BD-F2649E3A914E}.Release|Any CPU.Build.0 = Release|Any CPU
		{A53FBA58-DF44-4E96-B5EB-74A4703B47AF}.Debug|Any CPU.ActiveCfg = Debug|Any CPU
		{A53FBA58-DF44-4E96-B5EB-74A4703B47AF}.Debug|Any CPU.Build.0 = Debug|Any CPU
		{A53FBA58-DF44-4E96-B5EB-74A4703B47AF}.Release|Any CPU.ActiveCfg = Release|Any CPU
		{A53FBA58-DF44-4E96-B5EB-74A4703B47AF}.Release|Any CPU.Build.0 = Release|Any CPU
		{666D8DAF-8316-45E1-975C-9BFCBBF343A9}.Debug|Any CPU.ActiveCfg = Debug|Any CPU
		{666D8DAF-8316-45E1-975C-9BFCBBF343A9}.Debug|Any CPU.Build.0 = Debug|Any CPU
		{666D8DAF-8316-45E1-975C-9BFCBBF343A9}.Release|Any CPU.ActiveCfg = Release|Any CPU
		{666D8DAF-8316-45E1-975C-9BFCBBF343A9}.Release|Any CPU.Build.0 = Release|Any CPU
		{275D7997-EF27-44E1-A871-7C765136FFC5}.Debug|Any CPU.ActiveCfg = Debug|Any CPU
		{275D7997-EF27-44E1-A871-7C765136FFC5}.Debug|Any CPU.Build.0 = Debug|Any CPU
		{275D7997-EF27-44E1-A871-7C765136FFC5}.Release|Any CPU.ActiveCfg = Release|Any CPU
		{275D7997-EF27-44E1-A871-7C765136FFC5}.Release|Any CPU.Build.0 = Release|Any CPU
		{7F732CE4-B39E-4FD6-B085-8E1089E4872F}.Debug|Any CPU.ActiveCfg = Debug|Any CPU
		{7F732CE4-B39E-4FD6-B085-8E1089E4872F}.Debug|Any CPU.Build.0 = Debug|Any CPU
		{7F732CE4-B39E-4FD6-B085-8E1089E4872F}.Release|Any CPU.ActiveCfg = Release|Any CPU
		{7F732CE4-B39E-4FD6-B085-8E1089E4872F}.Release|Any CPU.Build.0 = Release|Any CPU
		{24E2520A-368F-4358-8315-4940E7ADE9F7}.Debug|Any CPU.ActiveCfg = Debug|Any CPU
		{24E2520A-368F-4358-8315-4940E7ADE9F7}.Debug|Any CPU.Build.0 = Debug|Any CPU
		{24E2520A-368F-4358-8315-4940E7ADE9F7}.Release|Any CPU.ActiveCfg = Release|Any CPU
		{24E2520A-368F-4358-8315-4940E7ADE9F7}.Release|Any CPU.Build.0 = Release|Any CPU
		{640A4D97-DE53-4A8D-9CEA-CF9DBD5AC5C2}.Debug|Any CPU.ActiveCfg = Debug|Any CPU
		{640A4D97-DE53-4A8D-9CEA-CF9DBD5AC5C2}.Debug|Any CPU.Build.0 = Debug|Any CPU
		{640A4D97-DE53-4A8D-9CEA-CF9DBD5AC5C2}.Release|Any CPU.ActiveCfg = Release|Any CPU
		{640A4D97-DE53-4A8D-9CEA-CF9DBD5AC5C2}.Release|Any CPU.Build.0 = Release|Any CPU
		{EBF72F47-4B71-49E9-AC10-B71F6DEDEEF0}.Debug|Any CPU.ActiveCfg = Debug|Any CPU
		{EBF72F47-4B71-49E9-AC10-B71F6DEDEEF0}.Debug|Any CPU.Build.0 = Debug|Any CPU
		{EBF72F47-4B71-49E9-AC10-B71F6DEDEEF0}.Release|Any CPU.ActiveCfg = Release|Any CPU
		{EBF72F47-4B71-49E9-AC10-B71F6DEDEEF0}.Release|Any CPU.Build.0 = Release|Any CPU
		{BC35C54D-9653-4891-B570-7BE9E2197B4F}.Debug|Any CPU.ActiveCfg = Debug|Any CPU
		{BC35C54D-9653-4891-B570-7BE9E2197B4F}.Debug|Any CPU.Build.0 = Debug|Any CPU
		{BC35C54D-9653-4891-B570-7BE9E2197B4F}.Release|Any CPU.ActiveCfg = Release|Any CPU
		{BC35C54D-9653-4891-B570-7BE9E2197B4F}.Release|Any CPU.Build.0 = Release|Any CPU
		{502F347D-F658-44F1-8D26-83748D691143}.Debug|Any CPU.ActiveCfg = Debug|Any CPU
		{502F347D-F658-44F1-8D26-83748D691143}.Debug|Any CPU.Build.0 = Debug|Any CPU
		{502F347D-F658-44F1-8D26-83748D691143}.Release|Any CPU.ActiveCfg = Release|Any CPU
		{502F347D-F658-44F1-8D26-83748D691143}.Release|Any CPU.Build.0 = Release|Any CPU
		{EEA5772F-FC33-4998-8484-34B66DAA3FCD}.Debug|Any CPU.ActiveCfg = Debug|Any CPU
		{EEA5772F-FC33-4998-8484-34B66DAA3FCD}.Debug|Any CPU.Build.0 = Debug|Any CPU
		{EEA5772F-FC33-4998-8484-34B66DAA3FCD}.Release|Any CPU.ActiveCfg = Release|Any CPU
		{EEA5772F-FC33-4998-8484-34B66DAA3FCD}.Release|Any CPU.Build.0 = Release|Any CPU
	EndGlobalSection
	GlobalSection(SolutionProperties) = preSolution
		HideSolutionNode = FALSE
	EndGlobalSection
	GlobalSection(ExtensibilityGlobals) = postSolution
		SolutionGuid = {BBC505AF-E583-4A70-A0E1-6DD402418865}
	EndGlobalSection
EndGlobal
